{
  "name": "kkt-aws",
  "version": "1.0.0",
  "lockfileVersion": 1,
  "requires": true,
  "dependencies": {
    "aws-sdk": {
      "version": "2.594.0",
      "resolved": "https://registry.npmjs.org/aws-sdk/-/aws-sdk-2.594.0.tgz",
      "integrity": "sha1-CqhqfX5f9+dOTr/xu2xV7at8OLA=",
      "requires": {
        "buffer": "4.9.1",
        "events": "1.1.1",
        "ieee754": "1.1.13",
        "jmespath": "0.15.0",
        "querystring": "0.2.0",
        "sax": "1.2.1",
        "url": "0.10.3",
        "uuid": "3.3.2",
        "xml2js": "0.4.19"
      }
    },
    "base64-js": {
      "version": "1.3.1",
      "resolved": "https://registry.npmjs.org/base64-js/-/base64-js-1.3.1.tgz",
      "integrity": "sha1-WOzoy3XdB+ce0IxzarxfrE2/jfE="
    },
    "buffer": {
      "version": "4.9.1",
      "resolved": "https://registry.npmjs.org/buffer/-/buffer-4.9.1.tgz",
      "integrity": "sha1-bRu2AbB6TvztlwlBMgkwJ8lbwpg=",
      "requires": {
        "base64-js": "^1.0.2",
        "ieee754": "^1.1.4",
        "isarray": "^1.0.0"
      }
    },
    "events": {
      "version": "1.1.1",
      "resolved": "https://registry.npmjs.org/events/-/events-1.1.1.tgz",
      "integrity": "sha1-nr23Y1rQmccNzEwqH1AEKI6L2SQ="
    },
    "flow-bin": {
      "version": "0.100.0",
      "resolved": "https://registry.npmjs.org/flow-bin/-/flow-bin-0.100.0.tgz",
      "integrity": "sha512-jcethhgrslBJukH7Z7883ohFFpzLrdsOEwHxvn5NwuTWbNaE71GAl55/PEBRJwYpDvYkRlqgcNkANTv0x5XjqA==",
      "dev": true
    },
    "ieee754": {
      "version": "1.1.13",
      "resolved": "https://registry.npmjs.org/ieee754/-/ieee754-1.1.13.tgz",
      "integrity": "sha1-7BaFWOlaoYH9h9N/VcMrvLZwi4Q="
    },
    "isarray": {
      "version": "1.0.0",
      "resolved": "https://registry.npmjs.org/isarray/-/isarray-1.0.0.tgz",
      "integrity": "sha1-u5NdSFgsuhaMBoNJV6VKPgcSTxE="
    },
    "jmespath": {
      "version": "0.15.0",
      "resolved": "https://registry.npmjs.org/jmespath/-/jmespath-0.15.0.tgz",
      "integrity": "sha1-o/Iiqarp+Wb10nx5ZRDigJF2Qhc="
    },
    "kkt-battle": {
      "version": "1.0.0",
      "requires": {
        "@babel/runtime": "^7.5.5",
        "kkt-battle-events": "1.0.0",
        "kkt-common": "1.0.0",
        "lodash": "^4.17.15",
        "uuid": "^3.3.2"
      },
      "dependencies": {
        "@babel/runtime": {
          "version": "7.7.7",
          "resolved": "https://registry.npmjs.org/@babel/runtime/-/runtime-7.7.7.tgz",
          "integrity": "sha1-GUdpyo1td5DsI2Ba+e4+QqCqec8=",
          "requires": {
            "regenerator-runtime": "^0.13.2"
          }
        },
        "flow-bin": {
          "version": "0.100.0",
          "resolved": "https://registry.npmjs.org/flow-bin/-/flow-bin-0.100.0.tgz",
          "integrity": "sha512-jcethhgrslBJukH7Z7883ohFFpzLrdsOEwHxvn5NwuTWbNaE71GAl55/PEBRJwYpDvYkRlqgcNkANTv0x5XjqA=="
        },
        "kkt-battle-events": {
          "version": "1.0.0",
          "requires": {
            "@babel/runtime": "^7.5.5",
            "kkt-common": "1.0.0",
            "lodash": "^4.17.15"
          },
          "dependencies": {
            "@babel/runtime": {
              "version": "7.7.7",
              "resolved": "https://registry.npmjs.org/@babel/runtime/-/runtime-7.7.7.tgz",
              "integrity": "sha1-GUdpyo1td5DsI2Ba+e4+QqCqec8=",
              "requires": {
                "regenerator-runtime": "^0.13.2"
              }
            },
            "flow-bin": {
              "version": "0.100.0",
              "resolved": "https://registry.npmjs.org/flow-bin/-/flow-bin-0.100.0.tgz",
              "integrity": "sha512-jcethhgrslBJukH7Z7883ohFFpzLrdsOEwHxvn5NwuTWbNaE71GAl55/PEBRJwYpDvYkRlqgcNkANTv0x5XjqA=="
            },
            "kkt-common": {
              "version": "1.0.0",
              "requires": {
                "@babel/runtime": "^7.5.5"
              },
              "dependencies": {
                "@babel/runtime": {
                  "version": "7.7.7",
                  "resolved": "https://registry.npmjs.org/@babel/runtime/-/runtime-7.7.7.tgz",
                  "integrity": "sha1-GUdpyo1td5DsI2Ba+e4+QqCqec8=",
                  "requires": {
                    "regenerator-runtime": "^0.13.2"
                  }
                },
                "flow-bin": {
                  "version": "0.100.0",
                  "resolved": "https://registry.npmjs.org/flow-bin/-/flow-bin-0.100.0.tgz",
                  "integrity": "sha512-jcethhgrslBJukH7Z7883ohFFpzLrdsOEwHxvn5NwuTWbNaE71GAl55/PEBRJwYpDvYkRlqgcNkANTv0x5XjqA=="
                },
                "regenerator-runtime": {
                  "version": "0.13.3",
                  "resolved": "https://registry.npmjs.org/regenerator-runtime/-/regenerator-runtime-0.13.3.tgz",
                  "integrity": "sha1-fPanfY9cb2Drc8X8GVWyzrAea/U="
                }
              }
            },
            "lodash": {
              "version": "4.17.15",
              "resolved": "https://registry.npmjs.org/lodash/-/lodash-4.17.15.tgz",
              "integrity": "sha1-tEf2ZwoEVbv+7dETku/zMOoJdUg="
            },
            "regenerator-runtime": {
              "version": "0.13.3",
              "resolved": "https://registry.npmjs.org/regenerator-runtime/-/regenerator-runtime-0.13.3.tgz",
              "integrity": "sha1-fPanfY9cb2Drc8X8GVWyzrAea/U="
            }
          }
        },
        "kkt-common": {
          "version": "1.0.0",
          "requires": {
            "@babel/runtime": "^7.5.5"
          },
          "dependencies": {
            "@babel/runtime": {
              "version": "7.7.7",
              "resolved": "https://registry.npmjs.org/@babel/runtime/-/runtime-7.7.7.tgz",
              "integrity": "sha1-GUdpyo1td5DsI2Ba+e4+QqCqec8=",
              "requires": {
                "regenerator-runtime": "^0.13.2"
              }
            },
            "flow-bin": {
              "version": "0.100.0",
              "resolved": "https://registry.npmjs.org/flow-bin/-/flow-bin-0.100.0.tgz",
              "integrity": "sha512-jcethhgrslBJukH7Z7883ohFFpzLrdsOEwHxvn5NwuTWbNaE71GAl55/PEBRJwYpDvYkRlqgcNkANTv0x5XjqA=="
            },
            "regenerator-runtime": {
              "version": "0.13.3",
              "resolved": "https://registry.npmjs.org/regenerator-runtime/-/regenerator-runtime-0.13.3.tgz",
              "integrity": "sha1-fPanfY9cb2Drc8X8GVWyzrAea/U="
            }
          }
        },
        "lodash": {
          "version": "4.17.15",
          "resolved": "https://registry.npmjs.org/lodash/-/lodash-4.17.15.tgz",
          "integrity": "sha1-tEf2ZwoEVbv+7dETku/zMOoJdUg="
        },
        "regenerator-runtime": {
          "version": "0.13.3",
          "resolved": "https://registry.npmjs.org/regenerator-runtime/-/regenerator-runtime-0.13.3.tgz",
          "integrity": "sha1-fPanfY9cb2Drc8X8GVWyzrAea/U="
        },
        "uuid": {
          "version": "3.3.3",
          "resolved": "https://registry.npmjs.org/uuid/-/uuid-3.3.3.tgz",
          "integrity": "sha1-RWjwIW54dg7h2/Ok0s9T4iQRKGY="
        }
      }
    },
    "kkt-battle-events": {
      "version": "1.0.0",
      "requires": {
        "@babel/runtime": "^7.5.5",
        "kkt-common": "1.0.0",
        "lodash": "^4.17.15"
      },
      "dependencies": {
        "@babel/runtime": {
          "version": "7.7.7",
          "resolved": "https://registry.npmjs.org/@babel/runtime/-/runtime-7.7.7.tgz",
          "integrity": "sha1-GUdpyo1td5DsI2Ba+e4+QqCqec8=",
          "requires": {
            "regenerator-runtime": "^0.13.2"
          }
        },
        "flow-bin": {
          "version": "0.100.0",
          "resolved": "https://registry.npmjs.org/flow-bin/-/flow-bin-0.100.0.tgz",
          "integrity": "sha512-jcethhgrslBJukH7Z7883ohFFpzLrdsOEwHxvn5NwuTWbNaE71GAl55/PEBRJwYpDvYkRlqgcNkANTv0x5XjqA=="
        },
        "kkt-common": {
          "version": "1.0.0",
          "requires": {
            "@babel/runtime": "^7.5.5"
          },
          "dependencies": {}
        },
        "lodash": {
          "version": "4.17.15",
          "resolved": "https://registry.npmjs.org/lodash/-/lodash-4.17.15.tgz",
          "integrity": "sha1-tEf2ZwoEVbv+7dETku/zMOoJdUg="
        },
        "regenerator-runtime": {
          "version": "0.13.3",
          "resolved": "https://registry.npmjs.org/regenerator-runtime/-/regenerator-runtime-0.13.3.tgz",
          "integrity": "sha1-fPanfY9cb2Drc8X8GVWyzrAea/U="
        }
      }
    },
    "kkt-common": {
      "version": "1.0.0",
      "requires": {
        "@babel/runtime": "^7.5.5"
      },
      "dependencies": {
        "@babel/runtime": {
          "version": "7.7.7",
          "resolved": "https://registry.npmjs.org/@babel/runtime/-/runtime-7.7.7.tgz",
          "integrity": "sha1-GUdpyo1td5DsI2Ba+e4+QqCqec8=",
          "requires": {
            "regenerator-runtime": "^0.13.2"
          }
        },
        "flow-bin": {
          "version": "0.100.0",
          "resolved": "https://registry.npmjs.org/flow-bin/-/flow-bin-0.100.0.tgz",
          "integrity": "sha512-jcethhgrslBJukH7Z7883ohFFpzLrdsOEwHxvn5NwuTWbNaE71GAl55/PEBRJwYpDvYkRlqgcNkANTv0x5XjqA=="
        },
        "regenerator-runtime": {
          "version": "0.13.3",
          "resolved": "https://registry.npmjs.org/regenerator-runtime/-/regenerator-runtime-0.13.3.tgz",
          "integrity": "sha1-fPanfY9cb2Drc8X8GVWyzrAea/U="
        }
      }
    },
    "punycode": {
      "version": "1.3.2",
      "resolved": "https://registry.npmjs.org/punycode/-/punycode-1.3.2.tgz",
      "integrity": "sha1-llOgNvt8HuQjQvIyXM7v6jkmxI0="
    },
    "querystring": {
      "version": "0.2.0",
      "resolved": "https://registry.npmjs.org/querystring/-/querystring-0.2.0.tgz",
      "integrity": "sha1-sgmEkgO7Jd+CDadW50cAWHhSFiA="
    },
    "sax": {
      "version": "1.2.1",
      "resolved": "https://registry.npmjs.org/sax/-/sax-1.2.1.tgz",
      "integrity": "sha1-e45lYZCyKOgaZq6nSEgNgozS03o="
    },
    "url": {
      "version": "0.10.3",
      "resolved": "https://registry.npmjs.org/url/-/url-0.10.3.tgz",
      "integrity": "sha1-Ah5NnHcF8hu/N9A861h2dAJ3TGQ=",
      "requires": {
        "punycode": "1.3.2",
        "querystring": "0.2.0"
      }
    },
    "uuid": {
      "version": "3.3.2",
      "resolved": "https://registry.npmjs.org/uuid/-/uuid-3.3.2.tgz",
      "integrity": "sha1-G0r0lV6zB3xQHCOHL8ZROBFYcTE="
    },
    "xml2js": {
      "version": "0.4.19",
      "resolved": "https://registry.npmjs.org/xml2js/-/xml2js-0.4.19.tgz",
      "integrity": "sha1-aGwg8hMgnpSr8NG88e+qKRx4J6c=",
      "requires": {
        "sax": ">=0.6.0",
        "xmlbuilder": "~9.0.1"
      }
    },
    "xmlbuilder": {
      "version": "9.0.7",
      "resolved": "https://registry.npmjs.org/xmlbuilder/-/xmlbuilder-9.0.7.tgz",
      "integrity": "sha1-Ey7mPS7FVlxVfiD0wi35rKaGsQ0="
    }
  }
}
