{
  "name": "kkt-frontend-tty",
  "version": "1.0.0",
  "lockfileVersion": 1,
  "requires": true,
  "dependencies": {
    "@babel/runtime": {
      "version": "7.7.7",
      "resolved": "https://registry.npmjs.org/@babel/runtime/-/runtime-7.7.7.tgz",
      "integrity": "sha1-GUdpyo1td5DsI2Ba+e4+QqCqec8=",
      "requires": {
        "regenerator-runtime": "^0.13.2"
      }
    },
    "flow-bin": {
      "version": "0.100.0",
      "resolved": "https://registry.npmjs.org/flow-bin/-/flow-bin-0.100.0.tgz",
      "integrity": "sha512-jcethhgrslBJukH7Z7883ohFFpzLrdsOEwHxvn5NwuTWbNaE71GAl55/PEBRJwYpDvYkRlqgcNkANTv0x5XjqA==",
      "dev": true
    },
    "lodash": {
      "version": "4.17.15",
      "resolved": "https://registry.npmjs.org/lodash/-/lodash-4.17.15.tgz",
      "integrity": "sha1-tEf2ZwoEVbv+7dETku/zMOoJdUg="
    },
    "regenerator-runtime": {
      "version": "0.13.3",
      "resolved": "https://registry.npmjs.org/regenerator-runtime/-/regenerator-runtime-0.13.3.tgz",
      "integrity": "sha1-fPanfY9cb2Drc8X8GVWyzrAea/U="
    }
  }
}
